
Microsoft Visual Studio Solution File, Format Version 12.00
# Visual Studio Version 17
VisualStudioVersion = 17.3.32819.101
MinimumVisualStudioVersion = 10.0.40219.1
Project("{FAE04EC0-301F-11D3-BF4B-00C04F79EFBC}") = "ServerProject", "ServerProject\ServerProject.csproj", "{1B94C253-7835-4F24-BB34-80F08CA442BA}"
EndProject
Global
	GlobalSection(SolutionConfigurationPlatforms) = preSolution
		Debug|Any CPU = Debug|Any CPU
		Release|Any CPU = Release|Any CPU
	EndGlobalSection
	GlobalSection(ProjectConfigurationPlatforms) = postSolution
		{1B94C253-7835-4F24-BB34-80F08CA442BA}.Debug|Any CPU.ActiveCfg = Debug|Any CPU
		{1B94C253-7835-4F24-BB34-80F08CA442BA}.Debug|Any CPU.Build.0 = Debug|Any CPU
		{1B94C253-7835-4F24-BB34-80F08CA442BA}.Release|Any CPU.ActiveCfg = Release|Any CPU
		{1B94C253-7835-4F24-BB34-80F08CA442BA}.Release|Any CPU.Build.0 = Release|Any CPU
	EndGlobalSection
	GlobalSection(SolutionProperties) = preSolution
		HideSolutionNode = FALSE
	EndGlobalSection
	GlobalSection(ExtensibilityGlobals) = postSolution
		SolutionGuid = {C4B0C151-D78F-44D8-A088-34C84D8D53D7}
	EndGlobalSection
EndGlobal
